// !$*UTF8*$!
{
	archiveVersion = 1;
	classes = {
	};
	objectVersion = 46;
	objects = {

/* Begin PBXBuildFile section */
		0E1ADAF5770124A85C39F240 /* libPods-找工作.a in Frameworks */ = {isa = PBXBuildFile; fileRef = E5F3E53CDC685943C0225FEA /* libPods-找工作.a */; };
		D4268C2D1D3B7F7D006271F7 /* Ican.storyboard in Resources */ = {isa = PBXBuildFile; fileRef = D4268C2C1D3B7F7D006271F7 /* Ican.storyboard */; };
		D4268C2F1D3B7F92006271F7 /* just.storyboard in Resources */ = {isa = PBXBuildFile; fileRef = D4268C2E1D3B7F92006271F7 /* just.storyboard */; };
		D4268C311D3B7FAD006271F7 /* showjob.storyboard in Resources */ = {isa = PBXBuildFile; fileRef = D4268C301D3B7FAD006271F7 /* showjob.storyboard */; };
		D48DB2AC1D34D28F00294BA4 /* main.m in Sources */ = {isa = PBXBuildFile; fileRef = D48DB2AB1D34D28F00294BA4 /* main.m */; };
		D48DB2AF1D34D28F00294BA4 /* AppDelegate.m in Sources */ = {isa = PBXBuildFile; fileRef = D48DB2AE1D34D28F00294BA4 /* AppDelegate.m */; };
		D48DB2B21D34D28F00294BA4 /* ViewController.m in Sources */ = {isa = PBXBuildFile; fileRef = D48DB2B11D34D28F00294BA4 /* ViewController.m */; };
		D48DB2B51D34D28F00294BA4 /* Main.storyboard in Resources */ = {isa = PBXBuildFile; fileRef = D48DB2B31D34D28F00294BA4 /* Main.storyboard */; };
		D48DB2B71D34D28F00294BA4 /* Assets.xcassets in Resources */ = {isa = PBXBuildFile; fileRef = D48DB2B61D34D28F00294BA4 /* Assets.xcassets */; };
		D48DB2BA1D34D28F00294BA4 /* LaunchScreen.storyboard in Resources */ = {isa = PBXBuildFile; fileRef = D48DB2B81D34D28F00294BA4 /* LaunchScreen.storyboard */; };
		D48DB2C51D34D28F00294BA4 /* whatcanIdoTests.m in Sources */ = {isa = PBXBuildFile; fileRef = D48DB2C41D34D28F00294BA4 /* whatcanIdoTests.m */; };
/* End PBXBuildFile section */

/* Begin PBXContainerItemProxy section */
		D48DB2C11D34D28F00294BA4 /* PBXContainerItemProxy */ = {
			isa = PBXContainerItemProxy;
			containerPortal = D48DB29F1D34D28E00294BA4 /* Project object */;
			proxyType = 1;
			remoteGlobalIDString = D48DB2A61D34D28F00294BA4;
			remoteInfo = whatcanIdo;
		};
/* End PBXContainerItemProxy section */

/* Begin PBXFileReference section */
		58955C7B881BAC2DE07B8924 /* Pods-找工作.release.xcconfig */ = {isa = PBXFileReference; includeInIndex = 1; lastKnownFileType = text.xcconfig; name = "Pods-找工作.release.xcconfig"; path = "Pods/Target Support Files/Pods-找工作/Pods-找工作.release.xcconfig"; sourceTree = "<group>"; };
		6A0B393316B4735A904F1421 /* Pods-找工作.debug.xcconfig */ = {isa = PBXFileReference; includeInIndex = 1; lastKnownFileType = text.xcconfig; name = "Pods-找工作.debug.xcconfig"; path = "Pods/Target Support Files/Pods-找工作/Pods-找工作.debug.xcconfig"; sourceTree = "<group>"; };
		D4268C2C1D3B7F7D006271F7 /* Ican.storyboard */ = {isa = PBXFileReference; fileEncoding = 4; lastKnownFileType = file.storyboard; path = Ican.storyboard; sourceTree = "<group>"; };
		D4268C2E1D3B7F92006271F7 /* just.storyboard */ = {isa = PBXFileReference; fileEncoding = 4; lastKnownFileType = file.storyboard; path = just.storyboard; sourceTree = "<group>"; };
		D4268C301D3B7FAD006271F7 /* showjob.storyboard */ = {isa = PBXFileReference; fileEncoding = 4; lastKnownFileType = file.storyboard; path = showjob.storyboard; sourceTree = "<group>"; };
		D48DB2A71D34D28F00294BA4 /* 找工作.app */ = {isa = PBXFileReference; explicitFileType = wrapper.application; includeInIndex = 0; path = "找工作.app"; sourceTree = BUILT_PRODUCTS_DIR; };
		D48DB2AB1D34D28F00294BA4 /* main.m */ = {isa = PBXFileReference; lastKnownFileType = sourcecode.c.objc; path = main.m; sourceTree = "<group>"; };
		D48DB2AD1D34D28F00294BA4 /* AppDelegate.h */ = {isa = PBXFileReference; lastKnownFileType = sourcecode.c.h; path = AppDelegate.h; sourceTree = "<group>"; };
		D48DB2AE1D34D28F00294BA4 /* AppDelegate.m */ = {isa = PBXFileReference; lastKnownFileType = sourcecode.c.objc; path = AppDelegate.m; sourceTree = "<group>"; };
		D48DB2B01D34D28F00294BA4 /* ViewController.h */ = {isa = PBXFileReference; lastKnownFileType = sourcecode.c.h; path = ViewController.h; sourceTree = "<group>"; };
		D48DB2B11D34D28F00294BA4 /* ViewController.m */ = {isa = PBXFileReference; lastKnownFileType = sourcecode.c.objc; path = ViewController.m; sourceTree = "<group>"; };
		D48DB2B41D34D28F00294BA4 /* Base */ = {isa = PBXFileReference; lastKnownFileType = file.storyboard; name = Base; path = Base.lproj/Main.storyboard; sourceTree = "<group>"; };
		D48DB2B61D34D28F00294BA4 /* Assets.xcassets */ = {isa = PBXFileReference; lastKnownFileType = folder.assetcatalog; path = Assets.xcassets; sourceTree = "<group>"; };
		D48DB2B91D34D28F00294BA4 /* Base */ = {isa = PBXFileReference; lastKnownFileType = file.storyboard; name = Base; path = Base.lproj/LaunchScreen.storyboard; sourceTree = "<group>"; };
		D48DB2BB1D34D28F00294BA4 /* Info.plist */ = {isa = PBXFileReference; lastKnownFileType = text.plist.xml; path = Info.plist; sourceTree = "<group>"; };
		D48DB2C01D34D28F00294BA4 /* 找工作.xctest */ = {isa = PBXFileReference; explicitFileType = wrapper.cfbundle; includeInIndex = 0; path = "找工作.xctest"; sourceTree = BUILT_PRODUCTS_DIR; };
		D48DB2C41D34D28F00294BA4 /* whatcanIdoTests.m */ = {isa = PBXFileReference; lastKnownFileType = sourcecode.c.objc; path = whatcanIdoTests.m; sourceTree = "<group>"; };
		D48DB2C61D34D28F00294BA4 /* Info.plist */ = {isa = PBXFileReference; lastKnownFileType = text.plist.xml; path = Info.plist; sourceTree = "<group>"; };
		E5F3E53CDC685943C0225FEA /* libPods-找工作.a */ = {isa = PBXFileReference; explicitFileType = archive.ar; includeInIndex = 0; path = "libPods-找工作.a"; sourceTree = BUILT_PRODUCTS_DIR; };
/* End PBXFileReference section */

/* Begin PBXFrameworksBuildPhase section */
		D48DB2A41D34D28F00294BA4 /* Frameworks */ = {
			isa = PBXFrameworksBuildPhase;
			buildActionMask = 2147483647;
			files = (
				0E1ADAF5770124A85C39F240 /* libPods-找工作.a in Frameworks */,
			);
			runOnlyForDeploymentPostprocessing = 0;
		};
		D48DB2BD1D34D28F00294BA4 /* Frameworks */ = {
			isa = PBXFrameworksBuildPhase;
			buildActionMask = 2147483647;
			files = (
			);
			runOnlyForDeploymentPostprocessing = 0;
		};
/* End PBXFrameworksBuildPhase section */

/* Begin PBXGroup section */
		864F1A09756360AA1758F201 /* Pods */ = {
			isa = PBXGroup;
			children = (
				6A0B393316B4735A904F1421 /* Pods-找工作.debug.xcconfig */,
				58955C7B881BAC2DE07B8924 /* Pods-找工作.release.xcconfig */,
			);
			name = Pods;
			sourceTree = "<group>";
		};
		9B5056BF199F09BF26FFE919 /* Frameworks */ = {
			isa = PBXGroup;
			children = (
				E5F3E53CDC685943C0225FEA /* libPods-找工作.a */,
			);
			name = Frameworks;
			sourceTree = "<group>";
		};
		D4268C201D3B7F57006271F7 /* Ican */ = {
			isa = PBXGroup;
			children = (
				D4268C211D3B7F57006271F7 /* Controller */,
				D4268C221D3B7F57006271F7 /* Model */,
				D4268C231D3B7F57006271F7 /* View */,
				D4268C2C1D3B7F7D006271F7 /* Ican.storyboard */,
			);
			path = Ican;
			sourceTree = "<group>";
		};
		D4268C211D3B7F57006271F7 /* Controller */ = {
			isa = PBXGroup;
			children = (
			);
			path = Controller;
			sourceTree = "<group>";
		};
		D4268C221D3B7F57006271F7 /* Model */ = {
			isa = PBXGroup;
			children = (
			);
			path = Model;
			sourceTree = "<group>";
		};
		D4268C231D3B7F57006271F7 /* View */ = {
			isa = PBXGroup;
			children = (
			);
			path = View;
			sourceTree = "<group>";
		};
		D4268C241D3B7F57006271F7 /* just */ = {
			isa = PBXGroup;
			children = (
				D4268C251D3B7F57006271F7 /* Controller */,
				D4268C261D3B7F57006271F7 /* Model */,
				D4268C271D3B7F57006271F7 /* View */,
				D4268C2E1D3B7F92006271F7 /* just.storyboard */,
			);
			path = just;
			sourceTree = "<group>";
		};
		D4268C251D3B7F57006271F7 /* Controller */ = {
			isa = PBXGroup;
			children = (
			);
			path = Controller;
			sourceTree = "<group>";
		};
		D4268C261D3B7F57006271F7 /* Model */ = {
			isa = PBXGroup;
			children = (
			);
			path = Model;
			sourceTree = "<group>";
		};
		D4268C271D3B7F57006271F7 /* View */ = {
			isa = PBXGroup;
			children = (
			);
			path = View;
			sourceTree = "<group>";
		};
		D4268C281D3B7F57006271F7 /* showjob */ = {
			isa = PBXGroup;
			children = (
				D4268C291D3B7F57006271F7 /* Controller */,
				D4268C2A1D3B7F57006271F7 /* Model */,
				D4268C2B1D3B7F57006271F7 /* View */,
				D4268C301D3B7FAD006271F7 /* showjob.storyboard */,
			);
			path = showjob;
			sourceTree = "<group>";
		};
		D4268C291D3B7F57006271F7 /* Controller */ = {
			isa = PBXGroup;
			children = (
			);
			path = Controller;
			sourceTree = "<group>";
		};
		D4268C2A1D3B7F57006271F7 /* Model */ = {
			isa = PBXGroup;
			children = (
			);
			path = Model;
			sourceTree = "<group>";
		};
		D4268C2B1D3B7F57006271F7 /* View */ = {
			isa = PBXGroup;
			children = (
			);
			path = View;
			sourceTree = "<group>";
		};
		D48DB29E1D34D28E00294BA4 = {
			isa = PBXGroup;
			children = (
				D48DB2A91D34D28F00294BA4 /* 找工作 */,
				D48DB2C31D34D28F00294BA4 /* whatcanIdoTests */,
				D48DB2A81D34D28F00294BA4 /* Products */,
				864F1A09756360AA1758F201 /* Pods */,
				9B5056BF199F09BF26FFE919 /* Frameworks */,
			);
			sourceTree = "<group>";
		};
		D48DB2A81D34D28F00294BA4 /* Products */ = {
			isa = PBXGroup;
			children = (
				D48DB2A71D34D28F00294BA4 /* 找工作.app */,
				D48DB2C01D34D28F00294BA4 /* 找工作.xctest */,
			);
			name = Products;
			sourceTree = "<group>";
		};
		D48DB2A91D34D28F00294BA4 /* 找工作 */ = {
			isa = PBXGroup;
			children = (
				D4268C201D3B7F57006271F7 /* Ican */,
				D4268C241D3B7F57006271F7 /* just */,
				D4268C281D3B7F57006271F7 /* showjob */,
				D48DB2AD1D34D28F00294BA4 /* AppDelegate.h */,
				D48DB2AE1D34D28F00294BA4 /* AppDelegate.m */,
				D48DB2B01D34D28F00294BA4 /* ViewController.h */,
				D48DB2B11D34D28F00294BA4 /* ViewController.m */,
				D48DB2B31D34D28F00294BA4 /* Main.storyboard */,
				D48DB2B61D34D28F00294BA4 /* Assets.xcassets */,
				D48DB2B81D34D28F00294BA4 /* LaunchScreen.storyboard */,
				D48DB2BB1D34D28F00294BA4 /* Info.plist */,
				D48DB2AA1D34D28F00294BA4 /* Supporting Files */,
			);
			name = "找工作";
			path = whatcanIdo;
			sourceTree = "<group>";
		};
		D48DB2AA1D34D28F00294BA4 /* Supporting Files */ = {
			isa = PBXGroup;
			children = (
				D48DB2AB1D34D28F00294BA4 /* main.m */,
			);
			name = "Supporting Files";
			sourceTree = "<group>";
		};
		D48DB2C31D34D28F00294BA4 /* whatcanIdoTests */ = {
			isa = PBXGroup;
			children = (
				D48DB2C41D34D28F00294BA4 /* whatcanIdoTests.m */,
				D48DB2C61D34D28F00294BA4 /* Info.plist */,
			);
			path = whatcanIdoTests;
			sourceTree = "<group>";
		};
/* End PBXGroup section */

/* Begin PBXNativeTarget section */
		D48DB2A61D34D28F00294BA4 /* 找工作 */ = {
			isa = PBXNativeTarget;
			buildConfigurationList = D48DB2C91D34D28F00294BA4 /* Build configuration list for PBXNativeTarget "找工作" */;
			buildPhases = (
				A4F6A50E0B2E6BFC5F482974 /* [CP] Check Pods Manifest.lock */,
				D48DB2A31D34D28F00294BA4 /* Sources */,
				D48DB2A41D34D28F00294BA4 /* Frameworks */,
				D48DB2A51D34D28F00294BA4 /* Resources */,
				6879CFC0A7EAFE018DA8FD3D /* [CP] Embed Pods Frameworks */,
				388721F99BA08B43AC88EA77 /* [CP] Copy Pods Resources */,
			);
			buildRules = (
			);
			dependencies = (
			);
			name = "找工作";
			productName = whatcanIdo;
			productReference = D48DB2A71D34D28F00294BA4 /* 找工作.app */;
			productType = "com.apple.product-type.application";
		};
		D48DB2BF1D34D28F00294BA4 /* 找工作Tests */ = {
			isa = PBXNativeTarget;
			buildConfigurationList = D48DB2CC1D34D28F00294BA4 /* Build configuration list for PBXNativeTarget "找工作Tests" */;
			buildPhases = (
				D48DB2BC1D34D28F00294BA4 /* Sources */,
				D48DB2BD1D34D28F00294BA4 /* Frameworks */,
				D48DB2BE1D34D28F00294BA4 /* Resources */,
			);
			buildRules = (
			);
			dependencies = (
				D48DB2C21D34D28F00294BA4 /* PBXTargetDependency */,
			);
			name = "找工作Tests";
			productName = whatcanIdoTests;
			productReference = D48DB2C01D34D28F00294BA4 /* 找工作.xctest */;
			productType = "com.apple.product-type.bundle.unit-test";
		};
/* End PBXNativeTarget section */

/* Begin PBXProject section */
		D48DB29F1D34D28E00294BA4 /* Project object */ = {
			isa = PBXProject;
			attributes = {
				LastUpgradeCheck = 0730;
				ORGANIZATIONNAME = CHENLI;
				TargetAttributes = {
					D48DB2A61D34D28F00294BA4 = {
						CreatedOnToolsVersion = 7.3.1;
					};
					D48DB2BF1D34D28F00294BA4 = {
						CreatedOnToolsVersion = 7.3.1;
						DevelopmentTeam = 53A6K5737X;
						TestTargetID = D48DB2A61D34D28F00294BA4;
					};
				};
			};
			buildConfigurationList = D48DB2A21D34D28E00294BA4 /* Build configuration list for PBXProject "找工作" */;
			compatibilityVersion = "Xcode 3.2";
			developmentRegion = English;
			hasScannedForEncodings = 0;
			knownRegions = (
				en,
				Base,
			);
			mainGroup = D48DB29E1D34D28E00294BA4;
			productRefGroup = D48DB2A81D34D28F00294BA4 /* Products */;
			projectDirPath = "";
			projectRoot = "";
			targets = (
				D48DB2A61D34D28F00294BA4 /* 找工作 */,
				D48DB2BF1D34D28F00294BA4 /* 找工作Tests */,
			);
		};
/* End PBXProject section */

/* Begin PBXResourcesBuildPhase section */
		D48DB2A51D34D28F00294BA4 /* Resources */ = {
			isa = PBXResourcesBuildPhase;
			buildActionMask = 2147483647;
			files = (
				D48DB2BA1D34D28F00294BA4 /* LaunchScreen.storyboard in Resources */,
				D4268C311D3B7FAD006271F7 /* showjob.storyboard in Resources */,
				D4268C2D1D3B7F7D006271F7 /* Ican.storyboard in Resources */,
				D4268C2F1D3B7F92006271F7 /* just.storyboard in Resources */,
				D48DB2B71D34D28F00294BA4 /* Assets.xcassets in Resources */,
				D48DB2B51D34D28F00294BA4 /* Main.storyboard in Resources */,
			);
			runOnlyForDeploymentPostprocessing = 0;
		};
		D48DB2BE1D34D28F00294BA4 /* Resources */ = {
			isa = PBXResourcesBuildPhase;
			buildActionMask = 2147483647;
			files = (
			);
			runOnlyForDeploymentPostprocessing = 0;
		};
/* End PBXResourcesBuildPhase section */

/* Begin PBXShellScriptBuildPhase section */
		388721F99BA08B43AC88EA77 /* [CP] Copy Pods Resources */ = {
			isa = PBXShellScriptBuildPhase;
			buildActionMask = 2147483647;
			files = (
			);
			inputPaths = (
			);
			name = "[CP] Copy Pods Resources";
			outputPaths = (
			);
			runOnlyForDeploymentPostprocessing = 0;
			shellPath = /bin/sh;
			shellScript = "\"${SRCROOT}/Pods/Target Support Files/Pods-找工作/Pods-找工作-resources.sh\"\n";
			showEnvVarsInLog = 0;
		};
		6879CFC0A7EAFE018DA8FD3D /* [CP] Embed Pods Frameworks */ = {
			isa = PBXShellScriptBuildPhase;
			buildActionMask = 2147483647;
			files = (
			);
			inputPaths = (
			);
			name = "[CP] Embed Pods Frameworks";
			outputPaths = (
			);
			runOnlyForDeploymentPostprocessing = 0;
			shellPath = /bin/sh;
			shellScript = "\"${SRCROOT}/Pods/Target Support Files/Pods-找工作/Pods-找工作-frameworks.sh\"\n";
			showEnvVarsInLog = 0;
		};
		A4F6A50E0B2E6BFC5F482974 /* [CP] Check Pods Manifest.lock */ = {
			isa = PBXShellScriptBuildPhase;
			buildActionMask = 2147483647;
			files = (
			);
			inputPaths = (
			);
			name = "[CP] Check Pods Manifest.lock";
			outputPaths = (
			);
			runOnlyForDeploymentPostprocessing = 0;
			shellPath = /bin/sh;
			shellScript = "diff \"${PODS_ROOT}/../Podfile.lock\" \"${PODS_ROOT}/Manifest.lock\" > /dev/null\nif [[ $? != 0 ]] ; then\n    cat << EOM\nerror: The sandbox is not in sync with the Podfile.lock. Run 'pod install' or update your CocoaPods installation.\nEOM\n    exit 1\nfi\n";
			showEnvVarsInLog = 0;
		};
/* End PBXShellScriptBuildPhase section */

/* Begin PBXSourcesBuildPhase section */
		D48DB2A31D34D28F00294BA4 /* Sources */ = {
			isa = PBXSourcesBuildPhase;
			buildActionMask = 2147483647;
			files = (
				D48DB2B21D34D28F00294BA4 /* ViewController.m in Sources */,
				D48DB2AF1D34D28F00294BA4 /* AppDelegate.m in Sources */,
				D48DB2AC1D34D28F00294BA4 /* main.m in Sources */,
			);
			runOnlyForDeploymentPostprocessing = 0;
		};
		D48DB2BC1D34D28F00294BA4 /* Sources */ = {
			isa = PBXSourcesBuildPhase;
			buildActionMask = 2147483647;
			files = (
				D48DB2C51D34D28F00294BA4 /* whatcanIdoTests.m in Sources */,
			);
			runOnlyForDeploymentPostprocessing = 0;
		};
/* End PBXSourcesBuildPhase section */

/* Begin PBXTargetDependency section */
		D48DB2C21D34D28F00294BA4 /* PBXTargetDependency */ = {
			isa = PBXTargetDependency;
			target = D48DB2A61D34D28F00294BA4 /* 找工作 */;
			targetProxy = D48DB2C11D34D28F00294BA4 /* PBXContainerItemProxy */;
		};
/* End PBXTargetDependency section */

/* Begin PBXVariantGroup section */
		D48DB2B31D34D28F00294BA4 /* Main.storyboard */ = {
			isa = PBXVariantGroup;
			children = (
				D48DB2B41D34D28F00294BA4 /* Base */,
			);
			name = Main.storyboard;
			sourceTree = "<group>";
		};
		D48DB2B81D34D28F00294BA4 /* LaunchScreen.storyboard */ = {
			isa = PBXVariantGroup;
			children = (
				D48DB2B91D34D28F00294BA4 /* Base */,
			);
			name = LaunchScreen.storyboard;
			sourceTree = "<group>";
		};
/* End PBXVariantGroup section */

/* Begin XCBuildConfiguration section */
		D48DB2C71D34D28F00294BA4 /* Debug */ = {
			isa = XCBuildConfiguration;
			buildSettings = {
				ALWAYS_SEARCH_USER_PATHS = NO;
				CLANG_ANALYZER_NONNULL = YES;
				CLANG_CXX_LANGUAGE_STANDARD = "gnu++0x";
				CLANG_CXX_LIBRARY = "libc++";
				CLANG_ENABLE_MODULES = YES;
				CLANG_ENABLE_OBJC_ARC = YES;
				CLANG_WARN_BOOL_CONVERSION = YES;
				CLANG_WARN_CONSTANT_CONVERSION = YES;
				CLANG_WARN_DIRECT_OBJC_ISA_USAGE = YES_ERROR;
				CLANG_WARN_EMPTY_BODY = YES;
				CLANG_WARN_ENUM_CONVERSION = YES;
				CLANG_WARN_INT_CONVERSION = YES;
				CLANG_WARN_OBJC_ROOT_CLASS = YES_ERROR;
				CLANG_WARN_UNREACHABLE_CODE = YES;
				CLANG_WARN__DUPLICATE_METHOD_MATCH = YES;
				"CODE_SIGN_IDENTITY[sdk=iphoneos*]" = "iPhone Developer";
				COPY_PHASE_STRIP = NO;
				DEBUG_INFORMATION_FORMAT = dwarf;
				ENABLE_STRICT_OBJC_MSGSEND = YES;
				ENABLE_TESTABILITY = YES;
				GCC_C_LANGUAGE_STANDARD = gnu99;
				GCC_DYNAMIC_NO_PIC = NO;
				GCC_NO_COMMON_BLOCKS = YES;
				GCC_OPTIMIZATION_LEVEL = 0;
				GCC_PREPROCESSOR_DEFINITIONS = (
					"DEBUG=1",
					"$(inherited)",
				);
				GCC_WARN_64_TO_32_BIT_CONVERSION = YES;
				GCC_WARN_ABOUT_RETURN_TYPE = YES_ERROR;
				GCC_WARN_UNDECLARED_SELECTOR = YES;
				GCC_WARN_UNINITIALIZED_AUTOS = YES_AGGRESSIVE;
				GCC_WARN_UNUSED_FUNCTION = YES;
				GCC_WARN_UNUSED_VARIABLE = YES;
				IPHONEOS_DEPLOYMENT_TARGET = 9.3;
				MTL_ENABLE_DEBUG_INFO = YES;
				ONLY_ACTIVE_ARCH = YES;
				SDKROOT = iphoneos;
				TARGETED_DEVICE_FAMILY = "1,2";
			};
			name = Debug;
		};
		D48DB2C81D34D28F00294BA4 /* Release */ = {
			isa = XCBuildConfiguration;
			buildSettings = {
				ALWAYS_SEARCH_USER_PATHS = NO;
				CLANG_ANALYZER_NONNULL = YES;
				CLANG_CXX_LANGUAGE_STANDARD = "gnu++0x";
				CLANG_CXX_LIBRARY = "libc++";
				CLANG_ENABLE_MODULES = YES;
				CLANG_ENABLE_OBJC_ARC = YES;
				CLANG_WARN_BOOL_CONVERSION = YES;
				CLANG_WARN_CONSTANT_CONVERSION = YES;
				CLANG_WARN_DIRECT_OBJC_ISA_USAGE = YES_ERROR;
				CLANG_WARN_EMPTY_BODY = YES;
				CLANG_WARN_ENUM_CONVERSION = YES;
				CLANG_WARN_INT_CONVERSION = YES;
				CLANG_WARN_OBJC_ROOT_CLASS = YES_ERROR;
				CLANG_WARN_UNREACHABLE_CODE = YES;
				CLANG_WARN__DUPLICATE_METHOD_MATCH = YES;
				"CODE_SIGN_IDENTITY[sdk=iphoneos*]" = "iPhone Developer";
				COPY_PHASE_STRIP = NO;
				DEBUG_INFORMATION_FORMAT = "dwarf-with-dsym";
				ENABLE_NS_ASSERTIONS = NO;
				ENABLE_STRICT_OBJC_MSGSEND = YES;
				GCC_C_LANGUAGE_STANDARD = gnu99;
				GCC_NO_COMMON_BLOCKS = YES;
				GCC_WARN_64_TO_32_BIT_CONVERSION = YES;
				GCC_WARN_ABOUT_RETURN_TYPE = YES_ERROR;
				GCC_WARN_UNDECLARED_SELECTOR = YES;
				GCC_WARN_UNINITIALIZED_AUTOS = YES_AGGRESSIVE;
				GCC_WARN_UNUSED_FUNCTION = YES;
				GCC_WARN_UNUSED_VARIABLE = YES;
				IPHONEOS_DEPLOYMENT_TARGET = 9.3;
				MTL_ENABLE_DEBUG_INFO = NO;
				SDKROOT = iphoneos;
				TARGETED_DEVICE_FAMILY = "1,2";
				VALIDATE_PRODUCT = YES;
			};
			name = Release;
		};
		D48DB2CA1D34D28F00294BA4 /* Debug */ = {
			isa = XCBuildConfiguration;
			baseConfigurationReference = 6A0B393316B4735A904F1421 /* Pods-找工作.debug.xcconfig */;
			buildSettings = {
				ASSETCATALOG_COMPILER_APPICON_NAME = "AppIcon-1";
				CODE_SIGN_IDENTITY = "iPhone Developer";
				INFOPLIST_FILE = whatcanIdo/Info.plist;
				LD_RUNPATH_SEARCH_PATHS = "$(inherited) @executable_path/Frameworks";
				PRODUCT_BUNDLE_IDENTIFIER = com.hawode.check;
				PRODUCT_NAME = "找工作";
			};
			name = Debug;
		};
		D48DB2CB1D34D28F00294BA4 /* Release */ = {
			isa = XCBuildConfiguration;
			baseConfigurationReference = 58955C7B881BAC2DE07B8924 /* Pods-找工作.release.xcconfig */;
			buildSettings = {
				ASSETCATALOG_COMPILER_APPICON_NAME = "AppIcon-1";
				CODE_SIGN_IDENTITY = "iPhone Developer";
				INFOPLIST_FILE = whatcanIdo/Info.plist;
				LD_RUNPATH_SEARCH_PATHS = "$(inherited) @executable_path/Frameworks";
				PRODUCT_BUNDLE_IDENTIFIER = com.hawode.check;
				PRODUCT_NAME = "找工作";
			};
			name = Release;
		};
		D48DB2CD1D34D28F00294BA4 /* Debug */ = {
			isa = XCBuildConfiguration;
			buildSettings = {
				BUNDLE_LOADER = "$(TEST_HOST)";
				INFOPLIST_FILE = whatcanIdoTests/Info.plist;
				LD_RUNPATH_SEARCH_PATHS = "$(inherited) @executable_path/Frameworks @loader_path/Frameworks";
				PRODUCT_BUNDLE_IDENTIFIER = com.hawode.schoolfriends.whatcanIdoTests;
				PRODUCT_NAME = "找工作";
				TEST_HOST = "$(BUILT_PRODUCTS_DIR)/找工作.app/找工作";
			};
			name = Debug;
		};
		D48DB2CE1D34D28F00294BA4 /* Release */ = {
			isa = XCBuildConfiguration;
			buildSettings = {
				BUNDLE_LOADER = "$(TEST_HOST)";
				INFOPLIST_FILE = whatcanIdoTests/Info.plist;
				LD_RUNPATH_SEARCH_PATHS = "$(inherited) @executable_path/Frameworks @loader_path/Frameworks";
				PRODUCT_BUNDLE_IDENTIFIER = com.hawode.schoolfriends.whatcanIdoTests;
				PRODUCT_NAME = "找工作";
				TEST_HOST = "$(BUILT_PRODUCTS_DIR)/找工作.app/找工作";
			};
			name = Release;
		};
/* End XCBuildConfiguration section */

/* Begin XCConfigurationList section */
		D48DB2A21D34D28E00294BA4 /* Build configuration list for PBXProject "找工作" */ = {
			isa = XCConfigurationList;
			buildConfigurations = (
				D48DB2C71D34D28F00294BA4 /* Debug */,
				D48DB2C81D34D28F00294BA4 /* Release */,
			);
			defaultConfigurationIsVisible = 0;
			defaultConfigurationName = Release;
		};
		D48DB2C91D34D28F00294BA4 /* Build configuration list for PBXNativeTarget "找工作" */ = {
			isa = XCConfigurationList;
			buildConfigurations = (
				D48DB2CA1D34D28F00294BA4 /* Debug */,
				D48DB2CB1D34D28F00294BA4 /* Release */,
			);
			defaultConfigurationIsVisible = 0;
			defaultConfigurationName = Release;
		};
		D48DB2CC1D34D28F00294BA4 /* Build configuration list for PBXNativeTarget "找工作Tests" */ = {
			isa = XCConfigurationList;
			buildConfigurations = (
				D48DB2CD1D34D28F00294BA4 /* Debug */,
				D48DB2CE1D34D28F00294BA4 /* Release */,
			);
			defaultConfigurationIsVisible = 0;
			defaultConfigurationName = Release;
		};
/* End XCConfigurationList section */
	};
	rootObject = D48DB29F1D34D28E00294BA4 /* Project object */;
}
